
Microsoft Visual Studio Solution File, Format Version 12.00
# Visual Studio Version 17
VisualStudioVersion = 17.8.34525.116
MinimumVisualStudioVersion = 10.0.40219.1
Project("{FAE04EC0-301F-11D3-BF4B-00C04F79EFBC}") = "Laba_8", "Laba_8.csproj", "{86873EE0-E06A-4129-8724-79CFCF847830}"
EndProject
Global
	GlobalSection(SolutionConfigurationPlatforms) = preSolution
		Debug|Any CPU = Debug|Any CPU
		Release|Any CPU = Release|Any CPU
	EndGlobalSection
	GlobalSection(ProjectConfigurationPlatforms) = postSolution
		{86873EE0-E06A-4129-8724-79CFCF847830}.Debug|Any CPU.ActiveCfg = Debug|Any CPU
		{86873EE0-E06A-4129-8724-79CFCF847830}.Debug|Any CPU.Build.0 = Debug|Any CPU
		{86873EE0-E06A-4129-8724-79CFCF847830}.Release|Any CPU.ActiveCfg = Release|Any CPU
		{86873EE0-E06A-4129-8724-79CFCF847830}.Release|Any CPU.Build.0 = Release|Any CPU
	EndGlobalSection
	GlobalSection(SolutionProperties) = preSolution
		HideSolutionNode = FALSE
	EndGlobalSection
	GlobalSection(ExtensibilityGlobals) = postSolution
		SolutionGuid = {DC675604-6A7C-4F12-95C7-D7D4242AEECB}
	EndGlobalSection
EndGlobal
